
Microsoft Visual Studio Solution File, Format Version 12.00
# Visual Studio Version 17
VisualStudioVersion = 17.5.33424.131
MinimumVisualStudioVersion = 10.0.40219.1
Project("{FAE04EC0-301F-11D3-BF4B-00C04F79EFBC}") = "Recipe-Book", "Recipe-Book\Recipe-Book.csproj", "{71574A24-E296-44CC-B268-5ABD993FA0A5}"
EndProject
Global
	GlobalSection(SolutionConfigurationPlatforms) = preSolution
		Debug|Any CPU = Debug|Any CPU
		Release|Any CPU = Release|Any CPU
	EndGlobalSection
	GlobalSection(ProjectConfigurationPlatforms) = postSolution
		{71574A24-E296-44CC-B268-5ABD993FA0A5}.Debug|Any CPU.ActiveCfg = Debug|Any CPU
		{71574A24-E296-44CC-B268-5ABD993FA0A5}.Debug|Any CPU.Build.0 = Debug|Any CPU
		{71574A24-E296-44CC-B268-5ABD993FA0A5}.Release|Any CPU.ActiveCfg = Release|Any CPU
		{71574A24-E296-44CC-B268-5ABD993FA0A5}.Release|Any CPU.Build.0 = Release|Any CPU
	EndGlobalSection
	GlobalSection(SolutionProperties) = preSolution
		HideSolutionNode = FALSE
	EndGlobalSection
	GlobalSection(ExtensibilityGlobals) = postSolution
		SolutionGuid = {3B2E8FDA-6FC4-4A97-B497-EF70112BD4E8}
	EndGlobalSection
EndGlobal
